
Microsoft Visual Studio Solution File, Format Version 12.00
# Visual Studio Version 16
VisualStudioVersion = 16.0.32413.511
MinimumVisualStudioVersion = 10.0.40219.1
Project("{9A19103F-16F7-4668-BE54-9A1E7A4F7556}") = "DISC.DependencyInjection", "DISC.DependencyInjection\DISC.DependencyInjection.csproj", "{51EA08AD-789A-4195-A043-BB7803FD681C}"
EndProject
Project("{9A19103F-16F7-4668-BE54-9A1E7A4F7556}") = "DISC.DependencyInjection.Tests", "DISC.DependencyInjection.Tests\DISC.DependencyInjection.Tests.csproj", "{6BB10187-8851-4143-B2C3-A85C72073ABE}"
EndProject
Global
	GlobalSection(SolutionConfigurationPlatforms) = preSolution
		Debug|Any CPU = Debug|Any CPU
		Release|Any CPU = Release|Any CPU
	EndGlobalSection
	GlobalSection(ProjectConfigurationPlatforms) = postSolution
		{51EA08AD-789A-4195-A043-BB7803FD681C}.Debug|Any CPU.ActiveCfg = Debug|Any CPU
		{51EA08AD-789A-4195-A043-BB7803FD681C}.Debug|Any CPU.Build.0 = Debug|Any CPU
		{51EA08AD-789A-4195-A043-BB7803FD681C}.Release|Any CPU.ActiveCfg = Release|Any CPU
		{51EA08AD-789A-4195-A043-BB7803FD681C}.Release|Any CPU.Build.0 = Release|Any CPU
		{6BB10187-8851-4143-B2C3-A85C72073ABE}.Debug|Any CPU.ActiveCfg = Debug|Any CPU
		{6BB10187-8851-4143-B2C3-A85C72073ABE}.Debug|Any CPU.Build.0 = Debug|Any CPU
		{6BB10187-8851-4143-B2C3-A85C72073ABE}.Release|Any CPU.ActiveCfg = Release|Any CPU
		{6BB10187-8851-4143-B2C3-A85C72073ABE}.Release|Any CPU.Build.0 = Release|Any CPU
	EndGlobalSection
	GlobalSection(SolutionProperties) = preSolution
		HideSolutionNode = FALSE
	EndGlobalSection
	GlobalSection(ExtensibilityGlobals) = postSolution
		SolutionGuid = {9B3D207A-C41F-4A85-8858-33CF1D264832}
	EndGlobalSection
EndGlobal
